
Microsoft Visual Studio Solution File, Format Version 12.00
# Visual Studio Version 17
VisualStudioVersion = 17.9.34607.119
MinimumVisualStudioVersion = 10.0.40219.1
Project("{FAE04EC0-301F-11D3-BF4B-00C04F79EFBC}") = "Pedidos-Clientes", "Pedidos-Clientes.csproj", "{AF7C09A7-CD77-4839-B474-486578382554}"
EndProject
Global
	GlobalSection(SolutionConfigurationPlatforms) = preSolution
		Debug|Any CPU = Debug|Any CPU
		Release|Any CPU = Release|Any CPU
	EndGlobalSection
	GlobalSection(ProjectConfigurationPlatforms) = postSolution
		{AF7C09A7-CD77-4839-B474-486578382554}.Debug|Any CPU.ActiveCfg = Debug|Any CPU
		{AF7C09A7-CD77-4839-B474-486578382554}.Debug|Any CPU.Build.0 = Debug|Any CPU
		{AF7C09A7-CD77-4839-B474-486578382554}.Release|Any CPU.ActiveCfg = Release|Any CPU
		{AF7C09A7-CD77-4839-B474-486578382554}.Release|Any CPU.Build.0 = Release|Any CPU
	EndGlobalSection
	GlobalSection(SolutionProperties) = preSolution
		HideSolutionNode = FALSE
	EndGlobalSection
	GlobalSection(ExtensibilityGlobals) = postSolution
		SolutionGuid = {8F59573D-89F9-4934-9537-3F6A5B4EE769}
	EndGlobalSection
EndGlobal
